// !$*UTF8*$!
{
	archiveVersion = 1;
	classes = {
	};
	objectVersion = 50;
	objects = {

/* Begin PBXBuildFile section */
		247710DB26ADABB400AF0317 /* AppDelegate.swift in Sources */ = {isa = PBXBuildFile; fileRef = 247710DA26ADABB400AF0317 /* AppDelegate.swift */; };
		247710DD26ADABB400AF0317 /* SceneDelegate.swift in Sources */ = {isa = PBXBuildFile; fileRef = 247710DC26ADABB400AF0317 /* SceneDelegate.swift */; };
		247710DF26ADABB400AF0317 /* ViewController.swift in Sources */ = {isa = PBXBuildFile; fileRef = 247710DE26ADABB400AF0317 /* ViewController.swift */; };
		247710E226ADABB400AF0317 /* Main.storyboard in Resources */ = {isa = PBXBuildFile; fileRef = 247710E026ADABB400AF0317 /* Main.storyboard */; };
		247710E426ADABB600AF0317 /* Assets.xcassets in Resources */ = {isa = PBXBuildFile; fileRef = 247710E326ADABB600AF0317 /* Assets.xcassets */; };
		247710E726ADABB600AF0317 /* LaunchScreen.storyboard in Resources */ = {isa = PBXBuildFile; fileRef = 247710E526ADABB600AF0317 /* LaunchScreen.storyboard */; };
		247710F226ADABB700AF0317 /* Kadai1Tests.swift in Sources */ = {isa = PBXBuildFile; fileRef = 247710F126ADABB700AF0317 /* Kadai1Tests.swift */; };
		247710FD26ADABB700AF0317 /* Kadai1UITests.swift in Sources */ = {isa = PBXBuildFile; fileRef = 247710FC26ADABB700AF0317 /* Kadai1UITests.swift */; };
/* End PBXBuildFile section */

/* Begin PBXContainerItemProxy section */
		247710EE26ADABB700AF0317 /* PBXContainerItemProxy */ = {
			isa = PBXContainerItemProxy;
			containerPortal = 247710CF26ADABB400AF0317 /* Project object */;
			proxyType = 1;
			remoteGlobalIDString = 247710D626ADABB400AF0317;
			remoteInfo = Kadai1;
		};
		247710F926ADABB700AF0317 /* PBXContainerItemProxy */ = {
			isa = PBXContainerItemProxy;
			containerPortal = 247710CF26ADABB400AF0317 /* Project object */;
			proxyType = 1;
			remoteGlobalIDString = 247710D626ADABB400AF0317;
			remoteInfo = Kadai1;
		};
/* End PBXContainerItemProxy section */

/* Begin PBXFileReference section */
		247710D726ADABB400AF0317 /* Kadai1.app */ = {isa = PBXFileReference; explicitFileType = wrapper.application; includeInIndex = 0; path = Kadai1.app; sourceTree = BUILT_PRODUCTS_DIR; };
		247710DA26ADABB400AF0317 /* AppDelegate.swift */ = {isa = PBXFileReference; lastKnownFileType = sourcecode.swift; path = AppDelegate.swift; sourceTree = "<group>"; };
		247710DC26ADABB400AF0317 /* SceneDelegate.swift */ = {isa = PBXFileReference; lastKnownFileType = sourcecode.swift; path = SceneDelegate.swift; sourceTree = "<group>"; };
		247710DE26ADABB400AF0317 /* ViewController.swift */ = {isa = PBXFileReference; lastKnownFileType = sourcecode.swift; path = ViewController.swift; sourceTree = "<group>"; };
		247710E126ADABB400AF0317 /* Base */ = {isa = PBXFileReference; lastKnownFileType = file.storyboard; name = Base; path = Base.lproj/Main.storyboard; sourceTree = "<group>"; };
		247710E326ADABB600AF0317 /* Assets.xcassets */ = {isa = PBXFileReference; lastKnownFileType = folder.assetcatalog; path = Assets.xcassets; sourceTree = "<group>"; };
		247710E626ADABB600AF0317 /* Base */ = {isa = PBXFileReference; lastKnownFileType = file.storyboard; name = Base; path = Base.lproj/LaunchScreen.storyboard; sourceTree = "<group>"; };
		247710E826ADABB600AF0317 /* Info.plist */ = {isa = PBXFileReference; lastKnownFileType = text.plist.xml; path = Info.plist; sourceTree = "<group>"; };
		247710ED26ADABB700AF0317 /* Kadai1Tests.xctest */ = {isa = PBXFileReference; explicitFileType = wrapper.cfbundle; includeInIndex = 0; path = Kadai1Tests.xctest; sourceTree = BUILT_PRODUCTS_DIR; };
		247710F126ADABB700AF0317 /* Kadai1Tests.swift */ = {isa = PBXFileReference; lastKnownFileType = sourcecode.swift; path = Kadai1Tests.swift; sourceTree = "<group>"; };
		247710F326ADABB700AF0317 /* Info.plist */ = {isa = PBXFileReference; lastKnownFileType = text.plist.xml; path = Info.plist; sourceTree = "<group>"; };
		247710F826ADABB700AF0317 /* Kadai1UITests.xctest */ = {isa = PBXFileReference; explicitFileType = wrapper.cfbundle; includeInIndex = 0; path = Kadai1UITests.xctest; sourceTree = BUILT_PRODUCTS_DIR; };
		247710FC26ADABB700AF0317 /* Kadai1UITests.swift */ = {isa = PBXFileReference; lastKnownFileType = sourcecode.swift; path = Kadai1UITests.swift; sourceTree = "<group>"; };
		247710FE26ADABB700AF0317 /* Info.plist */ = {isa = PBXFileReference; lastKnownFileType = text.plist.xml; path = Info.plist; sourceTree = "<group>"; };
/* End PBXFileReference section */

/* Begin PBXFrameworksBuildPhase section */
		247710D426ADABB400AF0317 /* Frameworks */ = {
			isa = PBXFrameworksBuildPhase;
			buildActionMask = 2147483647;
			files = (
			);
			runOnlyForDeploymentPostprocessing = 0;
		};
		247710EA26ADABB700AF0317 /* Frameworks */ = {
			isa = PBXFrameworksBuildPhase;
			buildActionMask = 2147483647;
			files = (
			);
			runOnlyForDeploymentPostprocessing = 0;
		};
		247710F526ADABB700AF0317 /* Frameworks */ = {
			isa = PBXFrameworksBuildPhase;
			buildActionMask = 2147483647;
			files = (
			);
			runOnlyForDeploymentPostprocessing = 0;
		};
/* End PBXFrameworksBuildPhase section */

/* Begin PBXGroup section */
		247710CE26ADABB400AF0317 = {
			isa = PBXGroup;
			children = (
				247710D926ADABB400AF0317 /* Kadai1 */,
				247710F026ADABB700AF0317 /* Kadai1Tests */,
				247710FB26ADABB700AF0317 /* Kadai1UITests */,
				247710D826ADABB400AF0317 /* Products */,
			);
			sourceTree = "<group>";
		};
		247710D826ADABB400AF0317 /* Products */ = {
			isa = PBXGroup;
			children = (
				247710D726ADABB400AF0317 /* Kadai1.app */,
				247710ED26ADABB700AF0317 /* Kadai1Tests.xctest */,
				247710F826ADABB700AF0317 /* Kadai1UITests.xctest */,
			);
			name = Products;
			sourceTree = "<group>";
		};
		247710D926ADABB400AF0317 /* Kadai1 */ = {
			isa = PBXGroup;
			children = (
				247710DA26ADABB400AF0317 /* AppDelegate.swift */,
				247710DC26ADABB400AF0317 /* SceneDelegate.swift */,
				247710DE26ADABB400AF0317 /* ViewController.swift */,
				247710E026ADABB400AF0317 /* Main.storyboard */,
				247710E326ADABB600AF0317 /* Assets.xcassets */,
				247710E526ADABB600AF0317 /* LaunchScreen.storyboard */,
				247710E826ADABB600AF0317 /* Info.plist */,
			);
			path = Kadai1;
			sourceTree = "<group>";
		};
		247710F026ADABB700AF0317 /* Kadai1Tests */ = {
			isa = PBXGroup;
			children = (
				247710F126ADABB700AF0317 /* Kadai1Tests.swift */,
				247710F326ADABB700AF0317 /* Info.plist */,
			);
			path = Kadai1Tests;
			sourceTree = "<group>";
		};
		247710FB26ADABB700AF0317 /* Kadai1UITests */ = {
			isa = PBXGroup;
			children = (
				247710FC26ADABB700AF0317 /* Kadai1UITests.swift */,
				247710FE26ADABB700AF0317 /* Info.plist */,
			);
			path = Kadai1UITests;
			sourceTree = "<group>";
		};
/* End PBXGroup section */

/* Begin PBXNativeTarget section */
		247710D626ADABB400AF0317 /* Kadai1 */ = {
			isa = PBXNativeTarget;
			buildConfigurationList = 2477110126ADABB700AF0317 /* Build configuration list for PBXNativeTarget "Kadai1" */;
			buildPhases = (
				247710D326ADABB400AF0317 /* Sources */,
				247710D426ADABB400AF0317 /* Frameworks */,
				247710D526ADABB400AF0317 /* Resources */,
				2477110A26ADAE4F00AF0317 /* SwiftLint */,
			);
			buildRules = (
			);
			dependencies = (
			);
			name = Kadai1;
			productName = Kadai1;
			productReference = 247710D726ADABB400AF0317 /* Kadai1.app */;
			productType = "com.apple.product-type.application";
		};
		247710EC26ADABB700AF0317 /* Kadai1Tests */ = {
			isa = PBXNativeTarget;
			buildConfigurationList = 2477110426ADABB700AF0317 /* Build configuration list for PBXNativeTarget "Kadai1Tests" */;
			buildPhases = (
				247710E926ADABB700AF0317 /* Sources */,
				247710EA26ADABB700AF0317 /* Frameworks */,
				247710EB26ADABB700AF0317 /* Resources */,
			);
			buildRules = (
			);
			dependencies = (
				247710EF26ADABB700AF0317 /* PBXTargetDependency */,
			);
			name = Kadai1Tests;
			productName = Kadai1Tests;
			productReference = 247710ED26ADABB700AF0317 /* Kadai1Tests.xctest */;
			productType = "com.apple.product-type.bundle.unit-test";
		};
		247710F726ADABB700AF0317 /* Kadai1UITests */ = {
			isa = PBXNativeTarget;
			buildConfigurationList = 2477110726ADABB700AF0317 /* Build configuration list for PBXNativeTarget "Kadai1UITests" */;
			buildPhases = (
				247710F426ADABB700AF0317 /* Sources */,
				247710F526ADABB700AF0317 /* Frameworks */,
				247710F626ADABB700AF0317 /* Resources */,
			);
			buildRules = (
			);
			dependencies = (
				247710FA26ADABB700AF0317 /* PBXTargetDependency */,
			);
			name = Kadai1UITests;
			productName = Kadai1UITests;
			productReference = 247710F826ADABB700AF0317 /* Kadai1UITests.xctest */;
			productType = "com.apple.product-type.bundle.ui-testing";
		};
/* End PBXNativeTarget section */

/* Begin PBXProject section */
		247710CF26ADABB400AF0317 /* Project object */ = {
			isa = PBXProject;
			attributes = {
				LastSwiftUpdateCheck = 1250;
				LastUpgradeCheck = 1250;
				TargetAttributes = {
					247710D626ADABB400AF0317 = {
						CreatedOnToolsVersion = 12.5.1;
					};
					247710EC26ADABB700AF0317 = {
						CreatedOnToolsVersion = 12.5.1;
						TestTargetID = 247710D626ADABB400AF0317;
					};
					247710F726ADABB700AF0317 = {
						CreatedOnToolsVersion = 12.5.1;
						TestTargetID = 247710D626ADABB400AF0317;
					};
				};
			};
			buildConfigurationList = 247710D226ADABB400AF0317 /* Build configuration list for PBXProject "Kadai1" */;
			compatibilityVersion = "Xcode 9.3";
			developmentRegion = en;
			hasScannedForEncodings = 0;
			knownRegions = (
				en,
				Base,
			);
			mainGroup = 247710CE26ADABB400AF0317;
			productRefGroup = 247710D826ADABB400AF0317 /* Products */;
			projectDirPath = "";
			projectRoot = "";
			targets = (
				247710D626ADABB400AF0317 /* Kadai1 */,
				247710EC26ADABB700AF0317 /* Kadai1Tests */,
				247710F726ADABB700AF0317 /* Kadai1UITests */,
			);
		};
/* End PBXProject section */

/* Begin PBXResourcesBuildPhase section */
		247710D526ADABB400AF0317 /* Resources */ = {
			isa = PBXResourcesBuildPhase;
			buildActionMask = 2147483647;
			files = (
				247710E726ADABB600AF0317 /* LaunchScreen.storyboard in Resources */,
				247710E426ADABB600AF0317 /* Assets.xcassets in Resources */,
				247710E226ADABB400AF0317 /* Main.storyboard in Resources */,
			);
			runOnlyForDeploymentPostprocessing = 0;
		};
		247710EB26ADABB700AF0317 /* Resources */ = {
			isa = PBXResourcesBuildPhase;
			buildActionMask = 2147483647;
			files = (
			);
			runOnlyForDeploymentPostprocessing = 0;
		};
		247710F626ADABB700AF0317 /* Resources */ = {
			isa = PBXResourcesBuildPhase;
			buildActionMask = 2147483647;
			files = (
			);
			runOnlyForDeploymentPostprocessing = 0;
		};
/* End PBXResourcesBuildPhase section */

/* Begin PBXShellScriptBuildPhase section */
		2477110A26ADAE4F00AF0317 /* SwiftLint */ = {
			isa = PBXShellScriptBuildPhase;
			buildActionMask = 2147483647;
			files = (
			);
			inputFileListPaths = (
			);
			inputPaths = (
			);
			name = SwiftLint;
			outputFileListPaths = (
			);
			outputPaths = (
			);
			runOnlyForDeploymentPostprocessing = 0;
			shellPath = /bin/sh;
			shellScript = "if which swiftlint >/dev/null; then\n  swiftlint\nelse\n  echo \"SwiftLint does not exist, download from https://github.com/realm/SwiftLint\"\nfi\n";
		};
/* End PBXShellScriptBuildPhase section */

/* Begin PBXSourcesBuildPhase section */
		247710D326ADABB400AF0317 /* Sources */ = {
			isa = PBXSourcesBuildPhase;
			buildActionMask = 2147483647;
			files = (
				247710DF26ADABB400AF0317 /* ViewController.swift in Sources */,
				247710DB26ADABB400AF0317 /* AppDelegate.swift in Sources */,
				247710DD26ADABB400AF0317 /* SceneDelegate.swift in Sources */,
			);
			runOnlyForDeploymentPostprocessing = 0;
		};
		247710E926ADABB700AF0317 /* Sources */ = {
			isa = PBXSourcesBuildPhase;
			buildActionMask = 2147483647;
			files = (
				247710F226ADABB700AF0317 /* Kadai1Tests.swift in Sources */,
			);
			runOnlyForDeploymentPostprocessing = 0;
		};
		247710F426ADABB700AF0317 /* Sources */ = {
			isa = PBXSourcesBuildPhase;
			buildActionMask = 2147483647;
			files = (
				247710FD26ADABB700AF0317 /* Kadai1UITests.swift in Sources */,
			);
			runOnlyForDeploymentPostprocessing = 0;
		};
/* End PBXSourcesBuildPhase section */

/* Begin PBXTargetDependency section */
		247710EF26ADABB700AF0317 /* PBXTargetDependency */ = {
			isa = PBXTargetDependency;
			target = 247710D626ADABB400AF0317 /* Kadai1 */;
			targetProxy = 247710EE26ADABB700AF0317 /* PBXContainerItemProxy */;
		};
		247710FA26ADABB700AF0317 /* PBXTargetDependency */ = {
			isa = PBXTargetDependency;
			target = 247710D626ADABB400AF0317 /* Kadai1 */;
			targetProxy = 247710F926ADABB700AF0317 /* PBXContainerItemProxy */;
		};
/* End PBXTargetDependency section */

/* Begin PBXVariantGroup section */
		247710E026ADABB400AF0317 /* Main.storyboard */ = {
			isa = PBXVariantGroup;
			children = (
				247710E126ADABB400AF0317 /* Base */,
			);
			name = Main.storyboard;
			sourceTree = "<group>";
		};
		247710E526ADABB600AF0317 /* LaunchScreen.storyboard */ = {
			isa = PBXVariantGroup;
			children = (
				247710E626ADABB600AF0317 /* Base */,
			);
			name = LaunchScreen.storyboard;
			sourceTree = "<group>";
		};
/* End PBXVariantGroup section */

/* Begin XCBuildConfiguration section */
		247710FF26ADABB700AF0317 /* Debug */ = {
			isa = XCBuildConfiguration;
			buildSettings = {
				ALWAYS_SEARCH_USER_PATHS = NO;
				CLANG_ANALYZER_NONNULL = YES;
				CLANG_ANALYZER_NUMBER_OBJECT_CONVERSION = YES_AGGRESSIVE;
				CLANG_CXX_LANGUAGE_STANDARD = "gnu++14";
				CLANG_CXX_LIBRARY = "libc++";
				CLANG_ENABLE_MODULES = YES;
				CLANG_ENABLE_OBJC_ARC = YES;
				CLANG_ENABLE_OBJC_WEAK = YES;
				CLANG_WARN_BLOCK_CAPTURE_AUTORELEASING = YES;
				CLANG_WARN_BOOL_CONVERSION = YES;
				CLANG_WARN_COMMA = YES;
				CLANG_WARN_CONSTANT_CONVERSION = YES;
				CLANG_WARN_DEPRECATED_OBJC_IMPLEMENTATIONS = YES;
				CLANG_WARN_DIRECT_OBJC_ISA_USAGE = YES_ERROR;
				CLANG_WARN_DOCUMENTATION_COMMENTS = YES;
				CLANG_WARN_EMPTY_BODY = YES;
				CLANG_WARN_ENUM_CONVERSION = YES;
				CLANG_WARN_INFINITE_RECURSION = YES;
				CLANG_WARN_INT_CONVERSION = YES;
				CLANG_WARN_NON_LITERAL_NULL_CONVERSION = YES;
				CLANG_WARN_OBJC_IMPLICIT_RETAIN_SELF = YES;
				CLANG_WARN_OBJC_LITERAL_CONVERSION = YES;
				CLANG_WARN_OBJC_ROOT_CLASS = YES_ERROR;
				CLANG_WARN_QUOTED_INCLUDE_IN_FRAMEWORK_HEADER = YES;
				CLANG_WARN_RANGE_LOOP_ANALYSIS = YES;
				CLANG_WARN_STRICT_PROTOTYPES = YES;
				CLANG_WARN_SUSPICIOUS_MOVE = YES;
				CLANG_WARN_UNGUARDED_AVAILABILITY = YES_AGGRESSIVE;
				CLANG_WARN_UNREACHABLE_CODE = YES;
				CLANG_WARN__DUPLICATE_METHOD_MATCH = YES;
				COPY_PHASE_STRIP = NO;
				DEBUG_INFORMATION_FORMAT = dwarf;
				ENABLE_STRICT_OBJC_MSGSEND = YES;
				ENABLE_TESTABILITY = YES;
				GCC_C_LANGUAGE_STANDARD = gnu11;
				GCC_DYNAMIC_NO_PIC = NO;
				GCC_NO_COMMON_BLOCKS = YES;
				GCC_OPTIMIZATION_LEVEL = 0;
				GCC_PREPROCESSOR_DEFINITIONS = (
					"DEBUG=1",
					"$(inherited)",
				);
				GCC_WARN_64_TO_32_BIT_CONVERSION = YES;
				GCC_WARN_ABOUT_RETURN_TYPE = YES_ERROR;
				GCC_WARN_UNDECLARED_SELECTOR = YES;
				GCC_WARN_UNINITIALIZED_AUTOS = YES_AGGRESSIVE;
				GCC_WARN_UNUSED_FUNCTION = YES;
				GCC_WARN_UNUSED_VARIABLE = YES;
				IPHONEOS_DEPLOYMENT_TARGET = 14.5;
				MTL_ENABLE_DEBUG_INFO = INCLUDE_SOURCE;
				MTL_FAST_MATH = YES;
				ONLY_ACTIVE_ARCH = YES;
				SDKROOT = iphoneos;
				SWIFT_ACTIVE_COMPILATION_CONDITIONS = DEBUG;
				SWIFT_OPTIMIZATION_LEVEL = "-Onone";
			};
			name = Debug;
		};
		2477110026ADABB700AF0317 /* Release */ = {
			isa = XCBuildConfiguration;
			buildSettings = {
				ALWAYS_SEARCH_USER_PATHS = NO;
				CLANG_ANALYZER_NONNULL = YES;
				CLANG_ANALYZER_NUMBER_OBJECT_CONVERSION = YES_AGGRESSIVE;
				CLANG_CXX_LANGUAGE_STANDARD = "gnu++14";
				CLANG_CXX_LIBRARY = "libc++";
				CLANG_ENABLE_MODULES = YES;
				CLANG_ENABLE_OBJC_ARC = YES;
				CLANG_ENABLE_OBJC_WEAK = YES;
				CLANG_WARN_BLOCK_CAPTURE_AUTORELEASING = YES;
				CLANG_WARN_BOOL_CONVERSION = YES;
				CLANG_WARN_COMMA = YES;
				CLANG_WARN_CONSTANT_CONVERSION = YES;
				CLANG_WARN_DEPRECATED_OBJC_IMPLEMENTATIONS = YES;
				CLANG_WARN_DIRECT_OBJC_ISA_USAGE = YES_ERROR;
				CLANG_WARN_DOCUMENTATION_COMMENTS = YES;
				CLANG_WARN_EMPTY_BODY = YES;
				CLANG_WARN_ENUM_CONVERSION = YES;
				CLANG_WARN_INFINITE_RECURSION = YES;
				CLANG_WARN_INT_CONVERSION = YES;
				CLANG_WARN_NON_LITERAL_NULL_CONVERSION = YES;
				CLANG_WARN_OBJC_IMPLICIT_RETAIN_SELF = YES;
				CLANG_WARN_OBJC_LITERAL_CONVERSION = YES;
				CLANG_WARN_OBJC_ROOT_CLASS = YES_ERROR;
				CLANG_WARN_QUOTED_INCLUDE_IN_FRAMEWORK_HEADER = YES;
				CLANG_WARN_RANGE_LOOP_ANALYSIS = YES;
				CLANG_WARN_STRICT_PROTOTYPES = YES;
				CLANG_WARN_SUSPICIOUS_MOVE = YES;
				CLANG_WARN_UNGUARDED_AVAILABILITY = YES_AGGRESSIVE;
				CLANG_WARN_UNREACHABLE_CODE = YES;
				CLANG_WARN__DUPLICATE_METHOD_MATCH = YES;
				COPY_PHASE_STRIP = NO;
				DEBUG_INFORMATION_FORMAT = "dwarf-with-dsym";
				ENABLE_NS_ASSERTIONS = NO;
				ENABLE_STRICT_OBJC_MSGSEND = YES;
				GCC_C_LANGUAGE_STANDARD = gnu11;
				GCC_NO_COMMON_BLOCKS = YES;
				GCC_WARN_64_TO_32_BIT_CONVERSION = YES;
				GCC_WARN_ABOUT_RETURN_TYPE = YES_ERROR;
				GCC_WARN_UNDECLARED_SELECTOR = YES;
				GCC_WARN_UNINITIALIZED_AUTOS = YES_AGGRESSIVE;
				GCC_WARN_UNUSED_FUNCTION = YES;
				GCC_WARN_UNUSED_VARIABLE = YES;
				IPHONEOS_DEPLOYMENT_TARGET = 14.5;
				MTL_ENABLE_DEBUG_INFO = NO;
				MTL_FAST_MATH = YES;
				SDKROOT = iphoneos;
				SWIFT_COMPILATION_MODE = wholemodule;
				SWIFT_OPTIMIZATION_LEVEL = "-O";
				VALIDATE_PRODUCT = YES;
			};
			name = Release;
		};
		2477110226ADABB700AF0317 /* Debug */ = {
			isa = XCBuildConfiguration;
			buildSettings = {
				ASSETCATALOG_COMPILER_APPICON_NAME = AppIcon;
				ASSETCATALOG_COMPILER_GLOBAL_ACCENT_COLOR_NAME = AccentColor;
				CODE_SIGN_STYLE = Automatic;
				DEVELOPMENT_TEAM = P6K8M6RQ2W;
				INFOPLIST_FILE = Kadai1/Info.plist;
				LD_RUNPATH_SEARCH_PATHS = (
					"$(inherited)",
					"@executable_path/Frameworks",
				);
				PRODUCT_BUNDLE_IDENTIFIER = com.r.t.astronomy.Kadai1;
				PRODUCT_NAME = "$(TARGET_NAME)";
				SWIFT_VERSION = 5.0;
				TARGETED_DEVICE_FAMILY = "1,2";
			};
			name = Debug;
		};
		2477110326ADABB700AF0317 /* Release */ = {
			isa = XCBuildConfiguration;
			buildSettings = {
				ASSETCATALOG_COMPILER_APPICON_NAME = AppIcon;
				ASSETCATALOG_COMPILER_GLOBAL_ACCENT_COLOR_NAME = AccentColor;
				CODE_SIGN_STYLE = Automatic;
				DEVELOPMENT_TEAM = P6K8M6RQ2W;
				INFOPLIST_FILE = Kadai1/Info.plist;
				LD_RUNPATH_SEARCH_PATHS = (
					"$(inherited)",
					"@executable_path/Frameworks",
				);
				PRODUCT_BUNDLE_IDENTIFIER = com.r.t.astronomy.Kadai1;
				PRODUCT_NAME = "$(TARGET_NAME)";
				SWIFT_VERSION = 5.0;
				TARGETED_DEVICE_FAMILY = "1,2";
			};
			name = Release;
		};
		2477110526ADABB700AF0317 /* Debug */ = {
			isa = XCBuildConfiguration;
			buildSettings = {
				ALWAYS_EMBED_SWIFT_STANDARD_LIBRARIES = YES;
				BUNDLE_LOADER = "$(TEST_HOST)";
				CODE_SIGN_STYLE = Automatic;
				DEVELOPMENT_TEAM = P6K8M6RQ2W;
				INFOPLIST_FILE = Kadai1Tests/Info.plist;
				IPHONEOS_DEPLOYMENT_TARGET = 14.5;
				LD_RUNPATH_SEARCH_PATHS = (
					"$(inherited)",
					"@executable_path/Frameworks",
					"@loader_path/Frameworks",
				);
				PRODUCT_BUNDLE_IDENTIFIER = com.r.t.astronomy.Kadai1Tests;
				PRODUCT_NAME = "$(TARGET_NAME)";
				SWIFT_VERSION = 5.0;
				TARGETED_DEVICE_FAMILY = "1,2";
				TEST_HOST = "$(BUILT_PRODUCTS_DIR)/Kadai1.app/Kadai1";
			};
			name = Debug;
		};
		2477110626ADABB700AF0317 /* Release */ = {
			isa = XCBuildConfiguration;
			buildSettings = {
				ALWAYS_EMBED_SWIFT_STANDARD_LIBRARIES = YES;
				BUNDLE_LOADER = "$(TEST_HOST)";
				CODE_SIGN_STYLE = Automatic;
				DEVELOPMENT_TEAM = P6K8M6RQ2W;
				INFOPLIST_FILE = Kadai1Tests/Info.plist;
				IPHONEOS_DEPLOYMENT_TARGET = 14.5;
				LD_RUNPATH_SEARCH_PATHS = (
					"$(inherited)",
					"@executable_path/Frameworks",
					"@loader_path/Frameworks",
				);
				PRODUCT_BUNDLE_IDENTIFIER = com.r.t.astronomy.Kadai1Tests;
				PRODUCT_NAME = "$(TARGET_NAME)";
				SWIFT_VERSION = 5.0;
				TARGETED_DEVICE_FAMILY = "1,2";
				TEST_HOST = "$(BUILT_PRODUCTS_DIR)/Kadai1.app/Kadai1";
			};
			name = Release;
		};
		2477110826ADABB700AF0317 /* Debug */ = {
			isa = XCBuildConfiguration;
			buildSettings = {
				ALWAYS_EMBED_SWIFT_STANDARD_LIBRARIES = YES;
				CODE_SIGN_STYLE = Automatic;
				DEVELOPMENT_TEAM = P6K8M6RQ2W;
				INFOPLIST_FILE = Kadai1UITests/Info.plist;
				LD_RUNPATH_SEARCH_PATHS = (
					"$(inherited)",
					"@executable_path/Frameworks",
					"@loader_path/Frameworks",
				);
				PRODUCT_BUNDLE_IDENTIFIER = com.r.t.astronomy.Kadai1UITests;
				PRODUCT_NAME = "$(TARGET_NAME)";
				SWIFT_VERSION = 5.0;
				TARGETED_DEVICE_FAMILY = "1,2";
				TEST_TARGET_NAME = Kadai1;
			};
			name = Debug;
		};
		2477110926ADABB700AF0317 /* Release */ = {
			isa = XCBuildConfiguration;
			buildSettings = {
				ALWAYS_EMBED_SWIFT_STANDARD_LIBRARIES = YES;
				CODE_SIGN_STYLE = Automatic;
				DEVELOPMENT_TEAM = P6K8M6RQ2W;
				INFOPLIST_FILE = Kadai1UITests/Info.plist;
				LD_RUNPATH_SEARCH_PATHS = (
					"$(inherited)",
					"@executable_path/Frameworks",
					"@loader_path/Frameworks",
				);
				PRODUCT_BUNDLE_IDENTIFIER = com.r.t.astronomy.Kadai1UITests;
				PRODUCT_NAME = "$(TARGET_NAME)";
				SWIFT_VERSION = 5.0;
				TARGETED_DEVICE_FAMILY = "1,2";
				TEST_TARGET_NAME = Kadai1;
			};
			name = Release;
		};
/* End XCBuildConfiguration section */

/* Begin XCConfigurationList section */
		247710D226ADABB400AF0317 /* Build configuration list for PBXProject "Kadai1" */ = {
			isa = XCConfigurationList;
			buildConfigurations = (
				247710FF26ADABB700AF0317 /* Debug */,
				2477110026ADABB700AF0317 /* Release */,
			);
			defaultConfigurationIsVisible = 0;
			defaultConfigurationName = Release;
		};
		2477110126ADABB700AF0317 /* Build configuration list for PBXNativeTarget "Kadai1" */ = {
			isa = XCConfigurationList;
			buildConfigurations = (
				2477110226ADABB700AF0317 /* Debug */,
				2477110326ADABB700AF0317 /* Release */,
			);
			defaultConfigurationIsVisible = 0;
			defaultConfigurationName = Release;
		};
		2477110426ADABB700AF0317 /* Build configuration list for PBXNativeTarget "Kadai1Tests" */ = {
			isa = XCConfigurationList;
			buildConfigurations = (
				2477110526ADABB700AF0317 /* Debug */,
				2477110626ADABB700AF0317 /* Release */,
			);
			defaultConfigurationIsVisible = 0;
			defaultConfigurationName = Release;
		};
		2477110726ADABB700AF0317 /* Build configuration list for PBXNativeTarget "Kadai1UITests" */ = {
			isa = XCConfigurationList;
			buildConfigurations = (
				2477110826ADABB700AF0317 /* Debug */,
				2477110926ADABB700AF0317 /* Release */,
			);
			defaultConfigurationIsVisible = 0;
			defaultConfigurationName = Release;
		};
/* End XCConfigurationList section */
	};
	rootObject = 247710CF26ADABB400AF0317 /* Project object */;
}
